
Microsoft Visual Studio Solution File, Format Version 12.00
# Visual Studio Version 16
VisualStudioVersion = 16.0.30225.117
MinimumVisualStudioVersion = 10.0.40219.1
Project("{9A19103F-16F7-4668-BE54-9A1E7A4F7556}") = "ExemploFactoryMethod", "ExemploFactoryMethod\ExemploFactoryMethod.csproj", "{C884A466-6AAB-42AE-9F77-8B44210D512B}"
EndProject
Project("{FAE04EC0-301F-11D3-BF4B-00C04F79EFBC}") = "ExemploAbstractFactory", "ExemploAbstractFactory\ExemploAbstractFactory.csproj", "{A5BCB94F-3409-4FA5-8FFB-4CDF3B0DF8E6}"
EndProject
Global
	GlobalSection(SolutionConfigurationPlatforms) = preSolution
		Debug|Any CPU = Debug|Any CPU
		Release|Any CPU = Release|Any CPU
	EndGlobalSection
	GlobalSection(ProjectConfigurationPlatforms) = postSolution
		{C884A466-6AAB-42AE-9F77-8B44210D512B}.Debug|Any CPU.ActiveCfg = Debug|Any CPU
		{C884A466-6AAB-42AE-9F77-8B44210D512B}.Debug|Any CPU.Build.0 = Debug|Any CPU
		{C884A466-6AAB-42AE-9F77-8B44210D512B}.Release|Any CPU.ActiveCfg = Release|Any CPU
		{C884A466-6AAB-42AE-9F77-8B44210D512B}.Release|Any CPU.Build.0 = Release|Any CPU
		{A5BCB94F-3409-4FA5-8FFB-4CDF3B0DF8E6}.Debug|Any CPU.ActiveCfg = Debug|Any CPU
		{A5BCB94F-3409-4FA5-8FFB-4CDF3B0DF8E6}.Debug|Any CPU.Build.0 = Debug|Any CPU
		{A5BCB94F-3409-4FA5-8FFB-4CDF3B0DF8E6}.Release|Any CPU.ActiveCfg = Release|Any CPU
		{A5BCB94F-3409-4FA5-8FFB-4CDF3B0DF8E6}.Release|Any CPU.Build.0 = Release|Any CPU
	EndGlobalSection
	GlobalSection(SolutionProperties) = preSolution
		HideSolutionNode = FALSE
	EndGlobalSection
	GlobalSection(ExtensibilityGlobals) = postSolution
		SolutionGuid = {30406DBC-E9EF-441A-A20C-F563A653FFCC}
	EndGlobalSection
EndGlobal
